{
  "name": "@web-atoms/xf-samples",
  "version": "1.1.33",
  "lockfileVersion": 1,
  "requires": true,
  "dependencies": {
    "@web-atoms/core": {
      "version": "1.2.52",
      "resolved": "https://registry.npmjs.org/@web-atoms/core/-/core-1.2.52.tgz",
      "integrity": "sha512-oEkkMI+g/n9aseyeQvI7j5oS0qGLwEkgNHSheBSwnw4WmjM3E7pMetKdo6feiY7zuGj0yT0wjJymblwK68Rw3w==",
      "requires": {
        "@web-atoms/date-time": "^1.0.26",
        "reflect-metadata": "^0.1.13"
      }
    },
    "@web-atoms/date-time": {
      "version": "1.0.26",
      "resolved": "https://registry.npmjs.org/@web-atoms/date-time/-/date-time-1.0.26.tgz",
      "integrity": "sha512-tMtmCjYOK537j8DNj5vsqm7SUYVZ+IUvg8UGsPGF+2z3lsURBsggWPulnBc3yliB1aBMZwRKuJfzbjKgVKPoag=="
    },
    "@web-atoms/font-awesome": {
      "version": "1.0.22",
      "resolved": "https://registry.npmjs.org/@web-atoms/font-awesome/-/font-awesome-1.0.22.tgz",
      "integrity": "sha512-coT1ir1S7TEVtAiDJd4CAA96fZ6lyvQpZeMxm2kJ05q8NWS1LeMO/HV8fCxLqUZL0sqe4tB4EpQfDrWpgFyiTg=="
    },
    "@web-atoms/module-loader": {
      "version": "1.0.431",
      "resolved": "https://registry.npmjs.org/@web-atoms/module-loader/-/module-loader-1.0.431.tgz",
      "integrity": "sha512-x2UkikCfSpb9hXdeXJRAhTdsWe3n6cZS0TLOiqqrZQa5lEpkcZkEQAp50phgvUgsZYy+ILcSNdYH6zFfLa3Hgg=="
    },
    "@web-atoms/storage": {
      "version": "1.0.25",
      "resolved": "https://registry.npmjs.org/@web-atoms/storage/-/storage-1.0.25.tgz",
      "integrity": "sha512-Veenn4F1RqxfomaIQOVp1eCQYgO5oXz3hn/vuGnx5ovd48RoPcHV5F9Q1WFEGlYq92eGBGoKkp24ttjbzGk22g==",
      "requires": {
        "@web-atoms/core": "^1.2.36",
        "@web-atoms/module-loader": "^1.0.431"
      }
    },
    "@web-atoms/xf-controls": {
      "version": "1.1.37",
      "resolved": "https://registry.npmjs.org/@web-atoms/xf-controls/-/xf-controls-1.1.37.tgz",
      "integrity": "sha512-k8Z7ALe/UvVabHdn/x1T289UzV4/wucTfMUnSgJigqLM9d3ce9ga5x9WqtH+6M/bNLqRBhIOXITuNh1VdPGFgg==",
      "requires": {
        "@web-atoms/core": "^1.2.52",
        "@web-atoms/date-time": "^1.0.26",
        "@web-atoms/font-awesome": "^1.0.22",
        "@web-atoms/module-loader": "^1.0.431"
      }
    },
    "reflect-metadata": {
      "version": "0.1.13",
      "resolved": "https://registry.npmjs.org/reflect-metadata/-/reflect-metadata-0.1.13.tgz",
      "integrity": "sha512-Ts1Y/anZELhSsjMcU605fU9RE4Oi3p5ORujwbIKXfWa+0Zxs510Qrmrce5/Jowq3cHSZSJqBjypxmHarc+vEWg=="
    }
  }
}
