{
  "name": "@web-atoms/xf-samples",
  "version": "1.1.13",
  "lockfileVersion": 1,
  "requires": true,
  "dependencies": {
    "@web-atoms/core": {
      "version": "1.2.33",
      "resolved": "https://registry.npmjs.org/@web-atoms/core/-/core-1.2.33.tgz",
      "integrity": "sha512-dbLK6y1J5U61xDHugaLX5O0+Uu++/YfbpsqRDGB3PUPO1peapVg+VjO3yb1vOV4VLX8gB4I3/rPeA+btqzwszA==",
      "requires": {
        "@web-atoms/date-time": "^1.0.23",
        "reflect-metadata": "^0.1.13"
      }
    },
    "@web-atoms/date-time": {
      "version": "1.0.26",
      "resolved": "https://registry.npmjs.org/@web-atoms/date-time/-/date-time-1.0.26.tgz",
      "integrity": "sha512-tMtmCjYOK537j8DNj5vsqm7SUYVZ+IUvg8UGsPGF+2z3lsURBsggWPulnBc3yliB1aBMZwRKuJfzbjKgVKPoag=="
    },
    "@web-atoms/font-awesome": {
      "version": "1.0.22",
      "resolved": "https://registry.npmjs.org/@web-atoms/font-awesome/-/font-awesome-1.0.22.tgz",
      "integrity": "sha512-coT1ir1S7TEVtAiDJd4CAA96fZ6lyvQpZeMxm2kJ05q8NWS1LeMO/HV8fCxLqUZL0sqe4tB4EpQfDrWpgFyiTg=="
    },
    "@web-atoms/module-loader": {
      "version": "1.0.430",
      "resolved": "https://registry.npmjs.org/@web-atoms/module-loader/-/module-loader-1.0.430.tgz",
      "integrity": "sha512-Rl2wUivzURbWCdslUS0AFccb5SM5a+RePUWXn+ite0uwJsv9r/yd2cJIAKfl7fgl0onzOQtCUY8BjYh0EkBVzQ=="
    },
    "@web-atoms/xf-controls": {
      "version": "1.1.10",
      "resolved": "https://registry.npmjs.org/@web-atoms/xf-controls/-/xf-controls-1.1.10.tgz",
      "integrity": "sha512-Si2c+LCvC4kMrJzznE6Elv2sdfUQxKWTTJylRM24cKD1coRK2xnyz4tu6kUlTCY79SFOXF+DbgmfZytnv9lASQ==",
      "requires": {
        "@web-atoms/core": "^1.2.19",
        "@web-atoms/date-time": "^1.0.25",
        "@web-atoms/font-awesome": "^1.0.21",
        "@web-atoms/module-loader": "^1.0.429"
      }
    },
    "reflect-metadata": {
      "version": "0.1.13",
      "resolved": "https://registry.npmjs.org/reflect-metadata/-/reflect-metadata-0.1.13.tgz",
      "integrity": "sha512-Ts1Y/anZELhSsjMcU605fU9RE4Oi3p5ORujwbIKXfWa+0Zxs510Qrmrce5/Jowq3cHSZSJqBjypxmHarc+vEWg=="
    }
  }
}
