{
  "name": "@web-atoms/xf-samples",
  "version": "1.0.11",
  "lockfileVersion": 1,
  "requires": true,
  "dependencies": {
    "@web-atoms/core": {
      "version": "1.1.12",
      "resolved": "https://registry.npmjs.org/@web-atoms/core/-/core-1.1.12.tgz",
      "integrity": "sha512-XK/b6NL1vq1jUqrA9nBQV92/RV/jMcsXo51NtMF3oE23DYDy1xPehXcf7VJAujIZ+YfhdpNzXXW5w1OjA3rI2A==",
      "requires": {
        "@web-atoms/date-time": "^1.0.21",
        "reflect-metadata": "^0.1.13"
      }
    },
    "@web-atoms/date-time": {
      "version": "1.0.21",
      "resolved": "https://registry.npmjs.org/@web-atoms/date-time/-/date-time-1.0.21.tgz",
      "integrity": "sha512-8cO6U9YVXOOu3YxsbhSlEVTJ8MNR8Nt/GqxmYpWKV/VTdAq6pUPmKTbe9OHJNZzCQirHrtOXpqXKhvTrKS0NzQ=="
    },
    "@web-atoms/module-loader": {
      "version": "1.0.395",
      "resolved": "https://registry.npmjs.org/@web-atoms/module-loader/-/module-loader-1.0.395.tgz",
      "integrity": "sha512-87KLwuyCmYp71LqIeQqyGFhJ1fT8NnQOHjqGcc8uTrEynAlshGlkaoWqbcICx0NRCZse5yFasJtCySuoj7xB8A=="
    },
    "@web-atoms/xf-controls": {
      "version": "1.0.77",
      "resolved": "https://registry.npmjs.org/@web-atoms/xf-controls/-/xf-controls-1.0.77.tgz",
      "integrity": "sha512-xbZW3zoLeC6Mkd7621oCPCZneTnnYAmgtK6GRkxZ0lCu0s2MhuCaezjyH511HE2lwK4XLuohPm04ldeOhS1Ksg==",
      "requires": {
        "@web-atoms/core": "^1.0.984",
        "@web-atoms/date-time": "1.0.21"
      }
    },
    "reflect-metadata": {
      "version": "0.1.13",
      "resolved": "https://registry.npmjs.org/reflect-metadata/-/reflect-metadata-0.1.13.tgz",
      "integrity": "sha512-Ts1Y/anZELhSsjMcU605fU9RE4Oi3p5ORujwbIKXfWa+0Zxs510Qrmrce5/Jowq3cHSZSJqBjypxmHarc+vEWg=="
    }
  }
}
